
Microsoft Visual Studio Solution File, Format Version 12.00
# Visual Studio Version 16
VisualStudioVersion = 16.0.29806.167
MinimumVisualStudioVersion = 10.0.40219.1
Project("{FAE04EC0-301F-11D3-BF4B-00C04F79EFBC}") = "04.02_Loops", "04.02_Loops\04.02_Loops.csproj", "{21926CE8-6E5B-4CAB-967B-65AABCFA6BA1}"
EndProject
Global
	GlobalSection(SolutionConfigurationPlatforms) = preSolution
		Debug|Any CPU = Debug|Any CPU
		Release|Any CPU = Release|Any CPU
	EndGlobalSection
	GlobalSection(ProjectConfigurationPlatforms) = postSolution
		{21926CE8-6E5B-4CAB-967B-65AABCFA6BA1}.Debug|Any CPU.ActiveCfg = Debug|Any CPU
		{21926CE8-6E5B-4CAB-967B-65AABCFA6BA1}.Debug|Any CPU.Build.0 = Debug|Any CPU
		{21926CE8-6E5B-4CAB-967B-65AABCFA6BA1}.Release|Any CPU.ActiveCfg = Release|Any CPU
		{21926CE8-6E5B-4CAB-967B-65AABCFA6BA1}.Release|Any CPU.Build.0 = Release|Any CPU
	EndGlobalSection
	GlobalSection(SolutionProperties) = preSolution
		HideSolutionNode = FALSE
	EndGlobalSection
	GlobalSection(ExtensibilityGlobals) = postSolution
		SolutionGuid = {CAC1D4C0-8C86-42CA-AE04-E5A6F7BDDA83}
	EndGlobalSection
EndGlobal
